{
  "name": "urlshortener-api",
  "version": "1.0.0",
  "lockfileVersion": 1,
  "requires": true,
  "dependencies": {
    "base-62.js": {
      "version": "0.9.9",
      "resolved": "https://registry.npmjs.org/base-62.js/-/base-62.js-0.9.9.tgz",
      "integrity": "sha1-ERh1yuzLIAeoP5oJ4TSlLJiyWqE=",
      "requires": {
        "big.js": "3.x",
        "random.js": "0.1.0"
      }
    },
    "big.js": {
      "version": "3.2.0",
      "resolved": "https://registry.npmjs.org/big.js/-/big.js-3.2.0.tgz",
      "integrity": "sha512-+hN/Zh2D08Mx65pZ/4g5bsmNiZUuChDiQfTUQ7qJr4/kuopCr88xZsAXv6mBoZEsUI4OuGHlX59qE94K2mMW8Q=="
    },
    "random.js": {
      "version": "0.1.0",
      "resolved": "https://registry.npmjs.org/random.js/-/random.js-0.1.0.tgz",
      "integrity": "sha1-MKJ43DIOCMaNhBvdfEGbMxmrAg8="
    }
  }
}
